
Microsoft Visual Studio Solution File, Format Version 12.00
# Visual Studio Version 17
VisualStudioVersion = 17.8.34525.116
MinimumVisualStudioVersion = 10.0.40219.1
Project("{FAE04EC0-301F-11D3-BF4B-00C04F79EFBC}") = "LearningInheritance", "LearningInheritance\LearningInheritance.csproj", "{FCAA1D72-5B8A-4373-A13A-192D06DB1FDD}"
EndProject
Global
	GlobalSection(SolutionConfigurationPlatforms) = preSolution
		Debug|Any CPU = Debug|Any CPU
		Release|Any CPU = Release|Any CPU
	EndGlobalSection
	GlobalSection(ProjectConfigurationPlatforms) = postSolution
		{FCAA1D72-5B8A-4373-A13A-192D06DB1FDD}.Debug|Any CPU.ActiveCfg = Debug|Any CPU
		{FCAA1D72-5B8A-4373-A13A-192D06DB1FDD}.Debug|Any CPU.Build.0 = Debug|Any CPU
		{FCAA1D72-5B8A-4373-A13A-192D06DB1FDD}.Release|Any CPU.ActiveCfg = Release|Any CPU
		{FCAA1D72-5B8A-4373-A13A-192D06DB1FDD}.Release|Any CPU.Build.0 = Release|Any CPU
	EndGlobalSection
	GlobalSection(SolutionProperties) = preSolution
		HideSolutionNode = FALSE
	EndGlobalSection
	GlobalSection(ExtensibilityGlobals) = postSolution
		SolutionGuid = {4E907F12-2017-4632-8B8C-08FEC6A41EAE}
	EndGlobalSection
EndGlobal
